
Microsoft Visual Studio Solution File, Format Version 12.00
# Visual Studio Version 16
VisualStudioVersion = 16.0.31702.278
MinimumVisualStudioVersion = 10.0.40219.1
Project("{00D1A9C2-B5F0-4AF3-8072-F6C62B433612}") = "DMS.Db", "DMS.Db\DMS.Db.sqlproj", "{4D145B90-4FF7-406D-A360-A0B12527346A}"
EndProject
Global
	GlobalSection(SolutionConfigurationPlatforms) = preSolution
		Debug|Any CPU = Debug|Any CPU
		Release|Any CPU = Release|Any CPU
	EndGlobalSection
	GlobalSection(ProjectConfigurationPlatforms) = postSolution
		{4D145B90-4FF7-406D-A360-A0B12527346A}.Debug|Any CPU.ActiveCfg = Debug|Any CPU
		{4D145B90-4FF7-406D-A360-A0B12527346A}.Debug|Any CPU.Build.0 = Debug|Any CPU
		{4D145B90-4FF7-406D-A360-A0B12527346A}.Debug|Any CPU.Deploy.0 = Debug|Any CPU
		{4D145B90-4FF7-406D-A360-A0B12527346A}.Release|Any CPU.ActiveCfg = Release|Any CPU
		{4D145B90-4FF7-406D-A360-A0B12527346A}.Release|Any CPU.Build.0 = Release|Any CPU
		{4D145B90-4FF7-406D-A360-A0B12527346A}.Release|Any CPU.Deploy.0 = Release|Any CPU
	EndGlobalSection
	GlobalSection(SolutionProperties) = preSolution
		HideSolutionNode = FALSE
	EndGlobalSection
	GlobalSection(ExtensibilityGlobals) = postSolution
		SolutionGuid = {24468372-4896-40A2-BEAB-53B6B7D7EEF6}
	EndGlobalSection
EndGlobal
